
Microsoft Visual Studio Solution File, Format Version 12.00
# Visual Studio Version 17
VisualStudioVersion = 17.3.32811.315
MinimumVisualStudioVersion = 10.0.40219.1
Project("{9A19103F-16F7-4668-BE54-9A1E7A4F7556}") = "LabsExecutor", "Labs\LabsExecutor.csproj", "{1CC372FF-EAAE-4E31-82F1-CF7631ECD4BF}"
EndProject
Project("{9A19103F-16F7-4668-BE54-9A1E7A4F7556}") = "Lab1", "Lab1\Lab1.csproj", "{C4D2F881-BD28-4C93-89DB-1E42B381C2DE}"
EndProject
Project("{9A19103F-16F7-4668-BE54-9A1E7A4F7556}") = "Lab2", "Lab2\Lab2.csproj", "{0008FB0F-9A76-4E06-8051-D4E5DCB0032C}"
EndProject
Project("{FAE04EC0-301F-11D3-BF4B-00C04F79EFBC}") = "Common", "Common\Common.csproj", "{E0CBC004-154C-479A-97D1-9213F7C89C25}"
EndProject
Global
	GlobalSection(SolutionConfigurationPlatforms) = preSolution
		Debug|Any CPU = Debug|Any CPU
		Release|Any CPU = Release|Any CPU
	EndGlobalSection
	GlobalSection(ProjectConfigurationPlatforms) = postSolution
		{1CC372FF-EAAE-4E31-82F1-CF7631ECD4BF}.Debug|Any CPU.ActiveCfg = Debug|Any CPU
		{1CC372FF-EAAE-4E31-82F1-CF7631ECD4BF}.Debug|Any CPU.Build.0 = Debug|Any CPU
		{1CC372FF-EAAE-4E31-82F1-CF7631ECD4BF}.Release|Any CPU.ActiveCfg = Release|Any CPU
		{1CC372FF-EAAE-4E31-82F1-CF7631ECD4BF}.Release|Any CPU.Build.0 = Release|Any CPU
		{C4D2F881-BD28-4C93-89DB-1E42B381C2DE}.Debug|Any CPU.ActiveCfg = Debug|Any CPU
		{C4D2F881-BD28-4C93-89DB-1E42B381C2DE}.Debug|Any CPU.Build.0 = Debug|Any CPU
		{C4D2F881-BD28-4C93-89DB-1E42B381C2DE}.Release|Any CPU.ActiveCfg = Release|Any CPU
		{C4D2F881-BD28-4C93-89DB-1E42B381C2DE}.Release|Any CPU.Build.0 = Release|Any CPU
		{0008FB0F-9A76-4E06-8051-D4E5DCB0032C}.Debug|Any CPU.ActiveCfg = Debug|Any CPU
		{0008FB0F-9A76-4E06-8051-D4E5DCB0032C}.Debug|Any CPU.Build.0 = Debug|Any CPU
		{0008FB0F-9A76-4E06-8051-D4E5DCB0032C}.Release|Any CPU.ActiveCfg = Release|Any CPU
		{0008FB0F-9A76-4E06-8051-D4E5DCB0032C}.Release|Any CPU.Build.0 = Release|Any CPU
		{E0CBC004-154C-479A-97D1-9213F7C89C25}.Debug|Any CPU.ActiveCfg = Debug|Any CPU
		{E0CBC004-154C-479A-97D1-9213F7C89C25}.Debug|Any CPU.Build.0 = Debug|Any CPU
		{E0CBC004-154C-479A-97D1-9213F7C89C25}.Release|Any CPU.ActiveCfg = Release|Any CPU
		{E0CBC004-154C-479A-97D1-9213F7C89C25}.Release|Any CPU.Build.0 = Release|Any CPU
	EndGlobalSection
	GlobalSection(SolutionProperties) = preSolution
		HideSolutionNode = FALSE
	EndGlobalSection
	GlobalSection(ExtensibilityGlobals) = postSolution
		SolutionGuid = {FFA70DB1-0B28-488A-8183-0E4E41BCDA6A}
	EndGlobalSection
EndGlobal
